# THIS IS AN AUTOGENERATED FILE. DO NOT EDIT THIS FILE DIRECTLY.
# yarn lockfile v1


discord-urpc@^1.0.1:
  version "1.0.1"
  resolved "https://registry.yarnpkg.com/discord-urpc/-/discord-urpc-1.0.1.tgz#61d2df20a3bf996b524ad7fd485d4ba52a9f93b7"
  integrity sha512-ZoOqQQOVBFEigY7SDjJOx086W+pVukPyZhCMCFJ36xAKmh3R2+A56VluxPs8KtwgAQ7gOJxotDQMtvQD1ykrxQ==
  dependencies:
    uuid "^3.2.1"

uuid@^3.2.1:
  version "3.4.0"
  resolved "https://registry.yarnpkg.com/uuid/-/uuid-3.4.0.tgz#b23e4358afa8a202fe7a100af1f5f883f02007ee"
  integrity sha512-HjSDRw6gZE5JMggctHBcjVak08+KEVhSIiDzFnT9S9aegmp85S/bReBVTb4QTFaRNptJ9kuYaNhnbNEOkbKb/A==
